Microsoft Visual Studio Solution File, Format Version 12.00
# Visual Studio Version 16
VisualStudioVersion = 16.0.29009.5
MinimumVisualStudioVersion = 10.0.40219.1
Project("{9A19103F-16F7-4668-BE54-9A1E7A4F7556}") = "MarkovBytes", "MarkovBytes\MarkovBytes.csproj", "{D923CC39-CFE5-4B12-95CB-2F385FCF3DE8}"
EndProject
Project("{9A19103F-16F7-4668-BE54-9A1E7A4F7556}") = "MarkovBytes.UnitTests", "MarkovBytes.UnitTests\MarkovBytes.UnitTests.csproj", "{9D3B75A4-EC9A-4E31-A4A7-C446198B89AD}"
EndProject
Project("{9A19103F-16F7-4668-BE54-9A1E7A4F7556}") = "NarrowWiden", "NarrowWiden\NarrowWiden\NarrowWiden.csproj", "{11111530-B63E-49F5-83B6-A387FDE9DF2D}"
EndProject
Project("{9A19103F-16F7-4668-BE54-9A1E7A4F7556}") = "SetBitwise16BitMask.Benchmarks", "NarrowWiden\SetBitwise16BitMask.Benchmarks\SetBitwise16BitMask.Benchmarks.csproj", "{4A9743D5-7383-4082-B368-C9DEBEDF9C43}"
EndProject
Project("{9A19103F-16F7-4668-BE54-9A1E7A4F7556}") = "SetBitwise32BitMask.Benchmarks", "NarrowWiden\SetBitwise32BitMask.Benchmarks\SetBitwise32BitMask.Benchmarks.csproj", "{11CBD0FB-A1A8-4EE1-86F9-65EA4F529CD0}"
EndProject
Project("{FAE04EC0-301F-11D3-BF4B-00C04F79EFBC}") = "Markov.NetCore", "Markov.NetCore\Markov.NetCore.csproj", "{14C391BD-7107-4C0D-9B88-779424366598}"
EndProject
Global
	GlobalSection(SolutionConfigurationPlatforms) = preSolution
		Debug|Any CPU = Debug|Any CPU
		Release|Any CPU = Release|Any CPU
	EndGlobalSection
	GlobalSection(ProjectConfigurationPlatforms) = postSolution
		{D923CC39-CFE5-4B12-95CB-2F385FCF3DE8}.Debug|Any CPU.ActiveCfg = Debug|Any CPU
		{D923CC39-CFE5-4B12-95CB-2F385FCF3DE8}.Debug|Any CPU.Build.0 = Debug|Any CPU
		{D923CC39-CFE5-4B12-95CB-2F385FCF3DE8}.Release|Any CPU.ActiveCfg = Release|Any CPU
		{D923CC39-CFE5-4B12-95CB-2F385FCF3DE8}.Release|Any CPU.Build.0 = Release|Any CPU
		{9D3B75A4-EC9A-4E31-A4A7-C446198B89AD}.Debug|Any CPU.ActiveCfg = Debug|Any CPU
		{9D3B75A4-EC9A-4E31-A4A7-C446198B89AD}.Debug|Any CPU.Build.0 = Debug|Any CPU
		{9D3B75A4-EC9A-4E31-A4A7-C446198B89AD}.Release|Any CPU.ActiveCfg = Release|Any CPU
		{9D3B75A4-EC9A-4E31-A4A7-C446198B89AD}.Release|Any CPU.Build.0 = Release|Any CPU
		{11111530-B63E-49F5-83B6-A387FDE9DF2D}.Debug|Any CPU.ActiveCfg = Debug|Any CPU
		{11111530-B63E-49F5-83B6-A387FDE9DF2D}.Debug|Any CPU.Build.0 = Debug|Any CPU
		{11111530-B63E-49F5-83B6-A387FDE9DF2D}.Release|Any CPU.ActiveCfg = Release|Any CPU
		{11111530-B63E-49F5-83B6-A387FDE9DF2D}.Release|Any CPU.Build.0 = Release|Any CPU
		{4A9743D5-7383-4082-B368-C9DEBEDF9C43}.Debug|Any CPU.ActiveCfg = Debug|Any CPU
		{4A9743D5-7383-4082-B368-C9DEBEDF9C43}.Debug|Any CPU.Build.0 = Debug|Any CPU
		{4A9743D5-7383-4082-B368-C9DEBEDF9C43}.Release|Any CPU.ActiveCfg = Release|Any CPU
		{4A9743D5-7383-4082-B368-C9DEBEDF9C43}.Release|Any CPU.Build.0 = Release|Any CPU
		{11CBD0FB-A1A8-4EE1-86F9-65EA4F529CD0}.Debug|Any CPU.ActiveCfg = Debug|Any CPU
		{11CBD0FB-A1A8-4EE1-86F9-65EA4F529CD0}.Debug|Any CPU.Build.0 = Debug|Any CPU
		{11CBD0FB-A1A8-4EE1-86F9-65EA4F529CD0}.Release|Any CPU.ActiveCfg = Release|Any CPU
		{11CBD0FB-A1A8-4EE1-86F9-65EA4F529CD0}.Release|Any CPU.Build.0 = Release|Any CPU
		{14C391BD-7107-4C0D-9B88-779424366598}.Debug|Any CPU.ActiveCfg = Debug|Any CPU
		{14C391BD-7107-4C0D-9B88-779424366598}.Debug|Any CPU.Build.0 = Debug|Any CPU
		{14C391BD-7107-4C0D-9B88-779424366598}.Release|Any CPU.ActiveCfg = Release|Any CPU
		{14C391BD-7107-4C0D-9B88-779424366598}.Release|Any CPU.Build.0 = Release|Any CPU
	EndGlobalSection
	GlobalSection(SolutionProperties) = preSolution
		HideSolutionNode = FALSE
	EndGlobalSection
	GlobalSection(ExtensibilityGlobals) = postSolution
		SolutionGuid = {831873B3-B683-4E03-981C-3B233359B853}
	EndGlobalSection
EndGlobal
